{
  "name": "iden3-invalid-build",
  "version": "1.0.0",
  "lockfileVersion": 3,
  "requires": true,
  "packages": {
    "": {
      "name": "iden3-invalid-build",
      "dependencies": {
        "@iden3/js-iden3-core": "^1.4.0"
      }
    },
    "node_modules/@iden3/js-crypto": {
      "version": "1.1.0",
      "resolved": "https://registry.npmjs.org/@iden3/js-crypto/-/js-crypto-1.1.0.tgz",
      "integrity": "sha512-MbL7OpOxBoCybAPoorxrp+fwjDVESyDe6giIWxErjEIJy0Q2n1DU4VmKh4vDoCyhJx/RdVgT8Dkb59lKwISqsw==",
      "peer": true
    },
    "node_modules/@iden3/js-iden3-core": {
      "version": "1.4.0",
      "resolved": "https://registry.npmjs.org/@iden3/js-iden3-core/-/js-iden3-core-1.4.0.tgz",
      "integrity": "sha512-pXwzPLaORHq1xJDgLEmtqu6Vwnu+Ai1/OSb4BAwDoF4YeYPiJJlZ55hqwIQC/Eg/VeswuleUF211XT/ZGqoymQ==",
      "peerDependencies": {
        "@iden3/js-crypto": "1.1.0"
      }
    }
  }
}
